// !$*UTF8*$!
{
	archiveVersion = 1;
	classes = {
	};
	objectVersion = 55;
	objects = {

/* Begin PBXBuildFile section */
		0572A1E1F9E07A3F27571AF8 /* Pods_ball_tracker.framework in Frameworks */ = {isa = PBXBuildFile; fileRef = 4764E985EB82871E0C5DFFCA /* Pods_ball_tracker.framework */; };
		CA58F04B29146D5E009A103A /* yolov5s.mlmodel in Sources */ = {isa = PBXBuildFile; fileRef = CA58F04A29146D5E009A103A /* yolov5s.mlmodel */; };
		CA58F04F29156E55009A103A /* yolov5s-original-ane.mlmodel in Sources */ = {isa = PBXBuildFile; fileRef = CA58F04E29156E54009A103A /* yolov5s-original-ane.mlmodel */; };
		CA6BF28928899C180065BE68 /* AppDelegate.swift in Sources */ = {isa = PBXBuildFile; fileRef = CA6BF28828899C180065BE68 /* AppDelegate.swift */; };
		CA6BF28B28899C180065BE68 /* SceneDelegate.swift in Sources */ = {isa = PBXBuildFile; fileRef = CA6BF28A28899C180065BE68 /* SceneDelegate.swift */; };
		CA6BF28D28899C180065BE68 /* ViewController.swift in Sources */ = {isa = PBXBuildFile; fileRef = CA6BF28C28899C180065BE68 /* ViewController.swift */; };
		CA6BF29028899C180065BE68 /* Main.storyboard in Resources */ = {isa = PBXBuildFile; fileRef = CA6BF28E28899C180065BE68 /* Main.storyboard */; };
		CA6BF29228899C1A0065BE68 /* Assets.xcassets in Resources */ = {isa = PBXBuildFile; fileRef = CA6BF29128899C1A0065BE68 /* Assets.xcassets */; };
		CA6BF29528899C1A0065BE68 /* LaunchScreen.storyboard in Resources */ = {isa = PBXBuildFile; fileRef = CA6BF29328899C1A0065BE68 /* LaunchScreen.storyboard */; };
/* End PBXBuildFile section */

/* Begin PBXFileReference section */
		4764E985EB82871E0C5DFFCA /* Pods_ball_tracker.framework */ = {isa = PBXFileReference; explicitFileType = wrapper.framework; includeInIndex = 0; path = Pods_ball_tracker.framework; sourceTree = BUILT_PRODUCTS_DIR; };
		481AEBEB295131A696A4BA0D /* Pods-ball-tracker.release.xcconfig */ = {isa = PBXFileReference; includeInIndex = 1; lastKnownFileType = text.xcconfig; name = "Pods-ball-tracker.release.xcconfig"; path = "Target Support Files/Pods-ball-tracker/Pods-ball-tracker.release.xcconfig"; sourceTree = "<group>"; };
		CA58F04A29146D5E009A103A /* yolov5s.mlmodel */ = {isa = PBXFileReference; lastKnownFileType = file.mlmodel; name = yolov5s.mlmodel; path = ../../../../Downloads/yolov5s.mlmodel; sourceTree = "<group>"; };
		CA58F04E29156E54009A103A /* yolov5s-original-ane.mlmodel */ = {isa = PBXFileReference; lastKnownFileType = file.mlmodel; name = "yolov5s-original-ane.mlmodel"; path = "../../../../Downloads/yolov5s-original-ane.mlmodel"; sourceTree = "<group>"; };
		CA6BF28528899C180065BE68 /* ball-tracker.app */ = {isa = PBXFileReference; explicitFileType = wrapper.application; includeInIndex = 0; path = "ball-tracker.app"; sourceTree = BUILT_PRODUCTS_DIR; };
		CA6BF28828899C180065BE68 /* AppDelegate.swift */ = {isa = PBXFileReference; lastKnownFileType = sourcecode.swift; path = AppDelegate.swift; sourceTree = "<group>"; };
		CA6BF28A28899C180065BE68 /* SceneDelegate.swift */ = {isa = PBXFileReference; lastKnownFileType = sourcecode.swift; path = SceneDelegate.swift; sourceTree = "<group>"; };
		CA6BF28C28899C180065BE68 /* ViewController.swift */ = {isa = PBXFileReference; lastKnownFileType = sourcecode.swift; path = ViewController.swift; sourceTree = "<group>"; };
		CA6BF28F28899C180065BE68 /* Base */ = {isa = PBXFileReference; lastKnownFileType = file.storyboard; name = Base; path = Base.lproj/Main.storyboard; sourceTree = "<group>"; };
		CA6BF29128899C1A0065BE68 /* Assets.xcassets */ = {isa = PBXFileReference; lastKnownFileType = folder.assetcatalog; path = Assets.xcassets; sourceTree = "<group>"; };
		CA6BF29428899C1A0065BE68 /* Base */ = {isa = PBXFileReference; lastKnownFileType = file.storyboard; name = Base; path = Base.lproj/LaunchScreen.storyboard; sourceTree = "<group>"; };
		CA6BF29628899C1A0065BE68 /* Info.plist */ = {isa = PBXFileReference; lastKnownFileType = text.plist.xml; path = Info.plist; sourceTree = "<group>"; };
		F07C627F7510B1BA065F68C5 /* Pods-ball-tracker.debug.xcconfig */ = {isa = PBXFileReference; includeInIndex = 1; lastKnownFileType = text.xcconfig; name = "Pods-ball-tracker.debug.xcconfig"; path = "Target Support Files/Pods-ball-tracker/Pods-ball-tracker.debug.xcconfig"; sourceTree = "<group>"; };
/* End PBXFileReference section */

/* Begin PBXFrameworksBuildPhase section */
		CA6BF28228899C180065BE68 /* Frameworks */ = {
			isa = PBXFrameworksBuildPhase;
			buildActionMask = 2147483647;
			files = (
				0572A1E1F9E07A3F27571AF8 /* Pods_ball_tracker.framework in Frameworks */,
			);
			runOnlyForDeploymentPostprocessing = 0;
		};
/* End PBXFrameworksBuildPhase section */

/* Begin PBXGroup section */
		41483E654A25BD74FA8EE03E /* Frameworks */ = {
			isa = PBXGroup;
			children = (
				4764E985EB82871E0C5DFFCA /* Pods_ball_tracker.framework */,
			);
			name = Frameworks;
			sourceTree = "<group>";
		};
		56995D87B278D5C116175E70 /* Pods */ = {
			isa = PBXGroup;
			children = (
				F07C627F7510B1BA065F68C5 /* Pods-ball-tracker.debug.xcconfig */,
				481AEBEB295131A696A4BA0D /* Pods-ball-tracker.release.xcconfig */,
			);
			path = Pods;
			sourceTree = "<group>";
		};
		CA6BF27C28899C180065BE68 = {
			isa = PBXGroup;
			children = (
				CA6BF28728899C180065BE68 /* ball-tracker */,
				CA6BF28628899C180065BE68 /* Products */,
				56995D87B278D5C116175E70 /* Pods */,
				41483E654A25BD74FA8EE03E /* Frameworks */,
			);
			sourceTree = "<group>";
		};
		CA6BF28628899C180065BE68 /* Products */ = {
			isa = PBXGroup;
			children = (
				CA6BF28528899C180065BE68 /* ball-tracker.app */,
			);
			name = Products;
			sourceTree = "<group>";
		};
		CA6BF28728899C180065BE68 /* ball-tracker */ = {
			isa = PBXGroup;
			children = (
				CA58F04A29146D5E009A103A /* yolov5s.mlmodel */,
				CA58F04E29156E54009A103A /* yolov5s-original-ane.mlmodel */,
				CA6BF28828899C180065BE68 /* AppDelegate.swift */,
				CA6BF28A28899C180065BE68 /* SceneDelegate.swift */,
				CA6BF28C28899C180065BE68 /* ViewController.swift */,
				CA6BF28E28899C180065BE68 /* Main.storyboard */,
				CA6BF29128899C1A0065BE68 /* Assets.xcassets */,
				CA6BF29328899C1A0065BE68 /* LaunchScreen.storyboard */,
				CA6BF29628899C1A0065BE68 /* Info.plist */,
			);
			path = "ball-tracker";
			sourceTree = "<group>";
		};
/* End PBXGroup section */

/* Begin PBXNativeTarget section */
		CA6BF28428899C180065BE68 /* ball-tracker */ = {
			isa = PBXNativeTarget;
			buildConfigurationList = CA6BF29928899C1A0065BE68 /* Build configuration list for PBXNativeTarget "ball-tracker" */;
			buildPhases = (
				AD44F09424CE4EF849DCBFE9 /* [CP] Check Pods Manifest.lock */,
				CA6BF28128899C180065BE68 /* Sources */,
				CA6BF28228899C180065BE68 /* Frameworks */,
				CA6BF28328899C180065BE68 /* Resources */,
			);
			buildRules = (
			);
			dependencies = (
			);
			name = "ball-tracker";
			productName = "ball-tracker";
			productReference = CA6BF28528899C180065BE68 /* ball-tracker.app */;
			productType = "com.apple.product-type.application";
		};
/* End PBXNativeTarget section */

/* Begin PBXProject section */
		CA6BF27D28899C180065BE68 /* Project object */ = {
			isa = PBXProject;
			attributes = {
				BuildIndependentTargetsInParallel = 1;
				LastSwiftUpdateCheck = 1330;
				LastUpgradeCheck = 1330;
				TargetAttributes = {
					CA6BF28428899C180065BE68 = {
						CreatedOnToolsVersion = 13.3.1;
					};
				};
			};
			buildConfigurationList = CA6BF28028899C180065BE68 /* Build configuration list for PBXProject "ball-tracker" */;
			compatibilityVersion = "Xcode 13.0";
			developmentRegion = en;
			hasScannedForEncodings = 0;
			knownRegions = (
				en,
				Base,
			);
			mainGroup = CA6BF27C28899C180065BE68;
			productRefGroup = CA6BF28628899C180065BE68 /* Products */;
			projectDirPath = "";
			projectRoot = "";
			targets = (
				CA6BF28428899C180065BE68 /* ball-tracker */,
			);
		};
/* End PBXProject section */

/* Begin PBXResourcesBuildPhase section */
		CA6BF28328899C180065BE68 /* Resources */ = {
			isa = PBXResourcesBuildPhase;
			buildActionMask = 2147483647;
			files = (
				CA6BF29528899C1A0065BE68 /* LaunchScreen.storyboard in Resources */,
				CA6BF29228899C1A0065BE68 /* Assets.xcassets in Resources */,
				CA6BF29028899C180065BE68 /* Main.storyboard in Resources */,
			);
			runOnlyForDeploymentPostprocessing = 0;
		};
/* End PBXResourcesBuildPhase section */

/* Begin PBXShellScriptBuildPhase section */
		AD44F09424CE4EF849DCBFE9 /* [CP] Check Pods Manifest.lock */ = {
			isa = PBXShellScriptBuildPhase;
			buildActionMask = 2147483647;
			files = (
			);
			inputFileListPaths = (
			);
			inputPaths = (
				"${PODS_PODFILE_DIR_PATH}/Podfile.lock",
				"${PODS_ROOT}/Manifest.lock",
			);
			name = "[CP] Check Pods Manifest.lock";
			outputFileListPaths = (
			);
			outputPaths = (
				"$(DERIVED_FILE_DIR)/Pods-ball-tracker-checkManifestLockResult.txt",
			);
			runOnlyForDeploymentPostprocessing = 0;
			shellPath = /bin/sh;
			shellScript = "diff \"${PODS_PODFILE_DIR_PATH}/Podfile.lock\" \"${PODS_ROOT}/Manifest.lock\" > /dev/null\nif [ $? != 0 ] ; then\n    # print error to STDERR\n    echo \"error: The sandbox is not in sync with the Podfile.lock. Run 'pod install' or update your CocoaPods installation.\" >&2\n    exit 1\nfi\n# This output is used by Xcode 'outputs' to avoid re-running this script phase.\necho \"SUCCESS\" > \"${SCRIPT_OUTPUT_FILE_0}\"\n";
			showEnvVarsInLog = 0;
		};
/* End PBXShellScriptBuildPhase section */

/* Begin PBXSourcesBuildPhase section */
		CA6BF28128899C180065BE68 /* Sources */ = {
			isa = PBXSourcesBuildPhase;
			buildActionMask = 2147483647;
			files = (
				CA6BF28D28899C180065BE68 /* ViewController.swift in Sources */,
				CA58F04F29156E55009A103A /* yolov5s-original-ane.mlmodel in Sources */,
				CA6BF28928899C180065BE68 /* AppDelegate.swift in Sources */,
				CA6BF28B28899C180065BE68 /* SceneDelegate.swift in Sources */,
				CA58F04B29146D5E009A103A /* yolov5s.mlmodel in Sources */,
			);
			runOnlyForDeploymentPostprocessing = 0;
		};
/* End PBXSourcesBuildPhase section */

/* Begin PBXVariantGroup section */
		CA6BF28E28899C180065BE68 /* Main.storyboard */ = {
			isa = PBXVariantGroup;
			children = (
				CA6BF28F28899C180065BE68 /* Base */,
			);
			name = Main.storyboard;
			sourceTree = "<group>";
		};
		CA6BF29328899C1A0065BE68 /* LaunchScreen.storyboard */ = {
			isa = PBXVariantGroup;
			children = (
				CA6BF29428899C1A0065BE68 /* Base */,
			);
			name = LaunchScreen.storyboard;
			sourceTree = "<group>";
		};
/* End PBXVariantGroup section */

/* Begin XCBuildConfiguration section */
		CA6BF29728899C1A0065BE68 /* Debug */ = {
			isa = XCBuildConfiguration;
			buildSettings = {
				ALWAYS_SEARCH_USER_PATHS = NO;
				CLANG_ANALYZER_NONNULL = YES;
				CLANG_ANALYZER_NUMBER_OBJECT_CONVERSION = YES_AGGRESSIVE;
				CLANG_CXX_LANGUAGE_STANDARD = "gnu++17";
				CLANG_ENABLE_MODULES = YES;
				CLANG_ENABLE_OBJC_ARC = YES;
				CLANG_ENABLE_OBJC_WEAK = YES;
				CLANG_WARN_BLOCK_CAPTURE_AUTORELEASING = YES;
				CLANG_WARN_BOOL_CONVERSION = YES;
				CLANG_WARN_COMMA = YES;
				CLANG_WARN_CONSTANT_CONVERSION = YES;
				CLANG_WARN_DEPRECATED_OBJC_IMPLEMENTATIONS = YES;
				CLANG_WARN_DIRECT_OBJC_ISA_USAGE = YES_ERROR;
				CLANG_WARN_DOCUMENTATION_COMMENTS = YES;
				CLANG_WARN_EMPTY_BODY = YES;
				CLANG_WARN_ENUM_CONVERSION = YES;
				CLANG_WARN_INFINITE_RECURSION = YES;
				CLANG_WARN_INT_CONVERSION = YES;
				CLANG_WARN_NON_LITERAL_NULL_CONVERSION = YES;
				CLANG_WARN_OBJC_IMPLICIT_RETAIN_SELF = YES;
				CLANG_WARN_OBJC_LITERAL_CONVERSION = YES;
				CLANG_WARN_OBJC_ROOT_CLASS = YES_ERROR;
				CLANG_WARN_QUOTED_INCLUDE_IN_FRAMEWORK_HEADER = YES;
				CLANG_WARN_RANGE_LOOP_ANALYSIS = YES;
				CLANG_WARN_STRICT_PROTOTYPES = YES;
				CLANG_WARN_SUSPICIOUS_MOVE = YES;
				CLANG_WARN_UNGUARDED_AVAILABILITY = YES_AGGRESSIVE;
				CLANG_WARN_UNREACHABLE_CODE = YES;
				CLANG_WARN__DUPLICATE_METHOD_MATCH = YES;
				COPY_PHASE_STRIP = NO;
				DEBUG_INFORMATION_FORMAT = dwarf;
				ENABLE_STRICT_OBJC_MSGSEND = YES;
				ENABLE_TESTABILITY = YES;
				GCC_C_LANGUAGE_STANDARD = gnu11;
				GCC_DYNAMIC_NO_PIC = NO;
				GCC_NO_COMMON_BLOCKS = YES;
				GCC_OPTIMIZATION_LEVEL = 0;
				GCC_PREPROCESSOR_DEFINITIONS = (
					"DEBUG=1",
					"$(inherited)",
				);
				GCC_WARN_64_TO_32_BIT_CONVERSION = YES;
				GCC_WARN_ABOUT_RETURN_TYPE = YES_ERROR;
				GCC_WARN_UNDECLARED_SELECTOR = YES;
				GCC_WARN_UNINITIALIZED_AUTOS = YES_AGGRESSIVE;
				GCC_WARN_UNUSED_FUNCTION = YES;
				GCC_WARN_UNUSED_VARIABLE = YES;
				IPHONEOS_DEPLOYMENT_TARGET = 15.4;
				MTL_ENABLE_DEBUG_INFO = INCLUDE_SOURCE;
				MTL_FAST_MATH = YES;
				ONLY_ACTIVE_ARCH = YES;
				SDKROOT = iphoneos;
				SWIFT_ACTIVE_COMPILATION_CONDITIONS = DEBUG;
				SWIFT_OPTIMIZATION_LEVEL = "-Onone";
			};
			name = Debug;
		};
		CA6BF29828899C1A0065BE68 /* Release */ = {
			isa = XCBuildConfiguration;
			buildSettings = {
				ALWAYS_SEARCH_USER_PATHS = NO;
				CLANG_ANALYZER_NONNULL = YES;
				CLANG_ANALYZER_NUMBER_OBJECT_CONVERSION = YES_AGGRESSIVE;
				CLANG_CXX_LANGUAGE_STANDARD = "gnu++17";
				CLANG_ENABLE_MODULES = YES;
				CLANG_ENABLE_OBJC_ARC = YES;
				CLANG_ENABLE_OBJC_WEAK = YES;
				CLANG_WARN_BLOCK_CAPTURE_AUTORELEASING = YES;
				CLANG_WARN_BOOL_CONVERSION = YES;
				CLANG_WARN_COMMA = YES;
				CLANG_WARN_CONSTANT_CONVERSION = YES;
				CLANG_WARN_DEPRECATED_OBJC_IMPLEMENTATIONS = YES;
				CLANG_WARN_DIRECT_OBJC_ISA_USAGE = YES_ERROR;
				CLANG_WARN_DOCUMENTATION_COMMENTS = YES;
				CLANG_WARN_EMPTY_BODY = YES;
				CLANG_WARN_ENUM_CONVERSION = YES;
				CLANG_WARN_INFINITE_RECURSION = YES;
				CLANG_WARN_INT_CONVERSION = YES;
				CLANG_WARN_NON_LITERAL_NULL_CONVERSION = YES;
				CLANG_WARN_OBJC_IMPLICIT_RETAIN_SELF = YES;
				CLANG_WARN_OBJC_LITERAL_CONVERSION = YES;
				CLANG_WARN_OBJC_ROOT_CLASS = YES_ERROR;
				CLANG_WARN_QUOTED_INCLUDE_IN_FRAMEWORK_HEADER = YES;
				CLANG_WARN_RANGE_LOOP_ANALYSIS = YES;
				CLANG_WARN_STRICT_PROTOTYPES = YES;
				CLANG_WARN_SUSPICIOUS_MOVE = YES;
				CLANG_WARN_UNGUARDED_AVAILABILITY = YES_AGGRESSIVE;
				CLANG_WARN_UNREACHABLE_CODE = YES;
				CLANG_WARN__DUPLICATE_METHOD_MATCH = YES;
				COPY_PHASE_STRIP = NO;
				DEBUG_INFORMATION_FORMAT = "dwarf-with-dsym";
				ENABLE_NS_ASSERTIONS = NO;
				ENABLE_STRICT_OBJC_MSGSEND = YES;
				GCC_C_LANGUAGE_STANDARD = gnu11;
				GCC_NO_COMMON_BLOCKS = YES;
				GCC_WARN_64_TO_32_BIT_CONVERSION = YES;
				GCC_WARN_ABOUT_RETURN_TYPE = YES_ERROR;
				GCC_WARN_UNDECLARED_SELECTOR = YES;
				GCC_WARN_UNINITIALIZED_AUTOS = YES_AGGRESSIVE;
				GCC_WARN_UNUSED_FUNCTION = YES;
				GCC_WARN_UNUSED_VARIABLE = YES;
				IPHONEOS_DEPLOYMENT_TARGET = 15.4;
				MTL_ENABLE_DEBUG_INFO = NO;
				MTL_FAST_MATH = YES;
				SDKROOT = iphoneos;
				SWIFT_COMPILATION_MODE = wholemodule;
				SWIFT_OPTIMIZATION_LEVEL = "-O";
				VALIDATE_PRODUCT = YES;
			};
			name = Release;
		};
		CA6BF29A28899C1A0065BE68 /* Debug */ = {
			isa = XCBuildConfiguration;
			baseConfigurationReference = F07C627F7510B1BA065F68C5 /* Pods-ball-tracker.debug.xcconfig */;
			buildSettings = {
				ASSETCATALOG_COMPILER_APPICON_NAME = AppIcon;
				ASSETCATALOG_COMPILER_GLOBAL_ACCENT_COLOR_NAME = AccentColor;
				CODE_SIGN_STYLE = Automatic;
				CURRENT_PROJECT_VERSION = 1;
				DEVELOPMENT_TEAM = 3B9LCF4789;
				GENERATE_INFOPLIST_FILE = YES;
				INFOPLIST_FILE = "ball-tracker/Info.plist";
				INFOPLIST_KEY_NSCameraUsageDescription = "\"test\"";
				INFOPLIST_KEY_UIApplicationSupportsIndirectInputEvents = YES;
				INFOPLIST_KEY_UILaunchStoryboardName = LaunchScreen;
				INFOPLIST_KEY_UIMainStoryboardFile = Main;
				INFOPLIST_KEY_UISupportedInterfaceOrientations = "UIInterfaceOrientationLandscapeLeft UIInterfaceOrientationLandscapeRight";
				INFOPLIST_KEY_UISupportedInterfaceOrientations_iPad = "UIInterfaceOrientationPortrait UIInterfaceOrientationPortraitUpsideDown UIInterfaceOrientationLandscapeLeft UIInterfaceOrientationLandscapeRight";
				INFOPLIST_KEY_UISupportedInterfaceOrientations_iPhone = "UIInterfaceOrientationPortrait UIInterfaceOrientationLandscapeLeft UIInterfaceOrientationLandscapeRight";
				LD_RUNPATH_SEARCH_PATHS = (
					"$(inherited)",
					"@executable_path/Frameworks",
				);
				MARKETING_VERSION = 1.0;
				PRODUCT_BUNDLE_IDENTIFIER = "com.kevin58332.ball-tracker";
				PRODUCT_NAME = "$(TARGET_NAME)";
				SWIFT_EMIT_LOC_STRINGS = YES;
				SWIFT_VERSION = 5.0;
				TARGETED_DEVICE_FAMILY = "1,2";
			};
			name = Debug;
		};
		CA6BF29B28899C1A0065BE68 /* Release */ = {
			isa = XCBuildConfiguration;
			baseConfigurationReference = 481AEBEB295131A696A4BA0D /* Pods-ball-tracker.release.xcconfig */;
			buildSettings = {
				ASSETCATALOG_COMPILER_APPICON_NAME = AppIcon;
				ASSETCATALOG_COMPILER_GLOBAL_ACCENT_COLOR_NAME = AccentColor;
				CODE_SIGN_STYLE = Automatic;
				CURRENT_PROJECT_VERSION = 1;
				DEVELOPMENT_TEAM = 3B9LCF4789;
				GENERATE_INFOPLIST_FILE = YES;
				INFOPLIST_FILE = "ball-tracker/Info.plist";
				INFOPLIST_KEY_NSCameraUsageDescription = "\"test\"";
				INFOPLIST_KEY_UIApplicationSupportsIndirectInputEvents = YES;
				INFOPLIST_KEY_UILaunchStoryboardName = LaunchScreen;
				INFOPLIST_KEY_UIMainStoryboardFile = Main;
				INFOPLIST_KEY_UISupportedInterfaceOrientations = "UIInterfaceOrientationLandscapeLeft UIInterfaceOrientationLandscapeRight";
				INFOPLIST_KEY_UISupportedInterfaceOrientations_iPad = "UIInterfaceOrientationPortrait UIInterfaceOrientationPortraitUpsideDown UIInterfaceOrientationLandscapeLeft UIInterfaceOrientationLandscapeRight";
				INFOPLIST_KEY_UISupportedInterfaceOrientations_iPhone = "UIInterfaceOrientationPortrait UIInterfaceOrientationLandscapeLeft UIInterfaceOrientationLandscapeRight";
				LD_RUNPATH_SEARCH_PATHS = (
					"$(inherited)",
					"@executable_path/Frameworks",
				);
				MARKETING_VERSION = 1.0;
				PRODUCT_BUNDLE_IDENTIFIER = "com.kevin58332.ball-tracker";
				PRODUCT_NAME = "$(TARGET_NAME)";
				SWIFT_EMIT_LOC_STRINGS = YES;
				SWIFT_VERSION = 5.0;
				TARGETED_DEVICE_FAMILY = "1,2";
			};
			name = Release;
		};
/* End XCBuildConfiguration section */

/* Begin XCConfigurationList section */
		CA6BF28028899C180065BE68 /* Build configuration list for PBXProject "ball-tracker" */ = {
			isa = XCConfigurationList;
			buildConfigurations = (
				CA6BF29728899C1A0065BE68 /* Debug */,
				CA6BF29828899C1A0065BE68 /* Release */,
			);
			defaultConfigurationIsVisible = 0;
			defaultConfigurationName = Release;
		};
		CA6BF29928899C1A0065BE68 /* Build configuration list for PBXNativeTarget "ball-tracker" */ = {
			isa = XCConfigurationList;
			buildConfigurations = (
				CA6BF29A28899C1A0065BE68 /* Debug */,
				CA6BF29B28899C1A0065BE68 /* Release */,
			);
			defaultConfigurationIsVisible = 0;
			defaultConfigurationName = Release;
		};
/* End XCConfigurationList section */
	};
	rootObject = CA6BF27D28899C180065BE68 /* Project object */;
}
